{
  "name": "maps",
  "lockfileVersion": 2,
  "requires": true,
  "packages": {
    "": {
      "dependencies": {
        "@googlemaps/types": "^3.44.4",
        "@types/faker": "^5.5.7",
        "@types/google-maps": "^3.2.3",
        "@types/googlemaps.infobubble": "^3.0.3",
        "faker": "^5.5.3",
        "retyped-googlemaps-tsd-ambient": "^3.20.0-0"
      },
      "devDependencies": {
        "@types/google.maps": "^3.45.6",
        "@types/googlemaps": "^3.43.3",
        "typescript": "^4.3.5"
      }
    },
    "node_modules/@googlemaps/types": {
      "version": "3.44.4",
      "resolved": "https://registry.npmjs.org/@googlemaps/types/-/types-3.44.4.tgz",
      "integrity": "sha512-0IwfqnWFpv6scV2RdTcNve5Nedz8vDjHjpjJBztbkgvgdZJJUcPF1SRnnNUP2n9xmO9wWhaVcVidinb7rI/IjA=="
    },
    "node_modules/@types/faker": {
      "version": "5.5.7",
      "resolved": "https://registry.npmjs.org/@types/faker/-/faker-5.5.7.tgz",
      "integrity": "sha512-ejzb61Q5zQTtS0ZIafgQ7ahO5ACzmGhG5PfX2hxWyth3k0/aysb4ZOxKQB8DbzwSPppA5jmFBwqnBxjv5hqI5Q=="
    },
    "node_modules/@types/google-maps": {
      "version": "3.2.3",
      "resolved": "https://registry.npmjs.org/@types/google-maps/-/google-maps-3.2.3.tgz",
      "integrity": "sha512-+GR/7sMvo2bENS26H4t2QqoCqE4FE5qhsG8aaDM9mJAlsorkLyaFdTQra8VkmS1RNE09fx9c1kac+GKG0RtA2A==",
      "dependencies": {
        "@types/google.maps": "*"
      }
    },
    "node_modules/@types/google.maps": {
      "version": "3.45.6",
      "resolved": "https://registry.npmjs.org/@types/google.maps/-/google.maps-3.45.6.tgz",
      "integrity": "sha512-BzGzxs8UXFxeP8uN/0nRgGbsbpYQxSCKsv/7S8OitU7wwhfFcqQSm5aAcL1nbwueMiJ/VVmIZKPq69s0kX5W+Q=="
    },
    "node_modules/@types/googlemaps": {
      "version": "3.43.3",
      "resolved": "https://registry.npmjs.org/@types/googlemaps/-/googlemaps-3.43.3.tgz",
      "integrity": "sha512-ZWNoz/O8MPEpiajvj7QiqCY8tTLFNqNZ/a+s+zTV58wFVNAvvqV4bdGfnsjTb5Cs4V6wEsLrX8XRhmnyYJ2Tdg==",
      "deprecated": "Types for the Google Maps browser API have moved to @types/google.maps. Note: these types are not for the googlemaps npm package, which is a Node API.",
      "dev": true
    },
    "node_modules/@types/googlemaps.infobubble": {
      "version": "3.0.3",
      "resolved": "https://registry.npmjs.org/@types/googlemaps.infobubble/-/googlemaps.infobubble-3.0.3.tgz",
      "integrity": "sha512-UDfmhC5o7tgAnCyhCummP16eT4oFd5sTs6frk1adXCwurfMpbIipFDZMfisyvqYuCPiAAbP5jdvqNHALg44hfg==",
      "dependencies": {
        "@types/google-maps": "*"
      }
    },
    "node_modules/faker": {
      "version": "5.5.3",
      "resolved": "https://registry.npmjs.org/faker/-/faker-5.5.3.tgz",
      "integrity": "sha512-wLTv2a28wjUyWkbnX7u/ABZBkUkIF2fCd73V6P2oFqEGEktDfzWx4UxrSqtPRw0xPRAcjeAOIiJWqZm3pP4u3g=="
    },
    "node_modules/retyped-googlemaps-tsd-ambient": {
      "version": "3.20.0-0",
      "resolved": "https://registry.npmjs.org/retyped-googlemaps-tsd-ambient/-/retyped-googlemaps-tsd-ambient-3.20.0-0.tgz",
      "integrity": "sha1-KvVA38aDjzU0t9kWPVyoTEbvTfE="
    },
    "node_modules/typescript": {
      "version": "4.3.5",
      "resolved": "https://registry.npmjs.org/typescript/-/typescript-4.3.5.tgz",
      "integrity": "sha512-DqQgihaQ9cUrskJo9kIyW/+g0Vxsk8cDtZ52a3NGh0YNTfpUSArXSohyUGnvbPazEPLu398C0UxmKSOrPumUzA==",
      "dev": true,
      "bin": {
        "tsc": "bin/tsc",
        "tsserver": "bin/tsserver"
      },
      "engines": {
        "node": ">=4.2.0"
      }
    }
  },
  "dependencies": {
    "@googlemaps/types": {
      "version": "3.44.4",
      "resolved": "https://registry.npmjs.org/@googlemaps/types/-/types-3.44.4.tgz",
      "integrity": "sha512-0IwfqnWFpv6scV2RdTcNve5Nedz8vDjHjpjJBztbkgvgdZJJUcPF1SRnnNUP2n9xmO9wWhaVcVidinb7rI/IjA=="
    },
    "@types/faker": {
      "version": "5.5.7",
      "resolved": "https://registry.npmjs.org/@types/faker/-/faker-5.5.7.tgz",
      "integrity": "sha512-ejzb61Q5zQTtS0ZIafgQ7ahO5ACzmGhG5PfX2hxWyth3k0/aysb4ZOxKQB8DbzwSPppA5jmFBwqnBxjv5hqI5Q=="
    },
    "@types/google-maps": {
      "version": "3.2.3",
      "resolved": "https://registry.npmjs.org/@types/google-maps/-/google-maps-3.2.3.tgz",
      "integrity": "sha512-+GR/7sMvo2bENS26H4t2QqoCqE4FE5qhsG8aaDM9mJAlsorkLyaFdTQra8VkmS1RNE09fx9c1kac+GKG0RtA2A==",
      "requires": {
        "@types/google.maps": "*"
      }
    },
    "@types/google.maps": {
      "version": "3.45.6",
      "resolved": "https://registry.npmjs.org/@types/google.maps/-/google.maps-3.45.6.tgz",
      "integrity": "sha512-BzGzxs8UXFxeP8uN/0nRgGbsbpYQxSCKsv/7S8OitU7wwhfFcqQSm5aAcL1nbwueMiJ/VVmIZKPq69s0kX5W+Q=="
    },
    "@types/googlemaps": {
      "version": "3.43.3",
      "resolved": "https://registry.npmjs.org/@types/googlemaps/-/googlemaps-3.43.3.tgz",
      "integrity": "sha512-ZWNoz/O8MPEpiajvj7QiqCY8tTLFNqNZ/a+s+zTV58wFVNAvvqV4bdGfnsjTb5Cs4V6wEsLrX8XRhmnyYJ2Tdg==",
      "dev": true
    },
    "@types/googlemaps.infobubble": {
      "version": "3.0.3",
      "resolved": "https://registry.npmjs.org/@types/googlemaps.infobubble/-/googlemaps.infobubble-3.0.3.tgz",
      "integrity": "sha512-UDfmhC5o7tgAnCyhCummP16eT4oFd5sTs6frk1adXCwurfMpbIipFDZMfisyvqYuCPiAAbP5jdvqNHALg44hfg==",
      "requires": {
        "@types/google-maps": "*"
      }
    },
    "faker": {
      "version": "5.5.3",
      "resolved": "https://registry.npmjs.org/faker/-/faker-5.5.3.tgz",
      "integrity": "sha512-wLTv2a28wjUyWkbnX7u/ABZBkUkIF2fCd73V6P2oFqEGEktDfzWx4UxrSqtPRw0xPRAcjeAOIiJWqZm3pP4u3g=="
    },
    "retyped-googlemaps-tsd-ambient": {
      "version": "3.20.0-0",
      "resolved": "https://registry.npmjs.org/retyped-googlemaps-tsd-ambient/-/retyped-googlemaps-tsd-ambient-3.20.0-0.tgz",
      "integrity": "sha1-KvVA38aDjzU0t9kWPVyoTEbvTfE="
    },
    "typescript": {
      "version": "4.3.5",
      "resolved": "https://registry.npmjs.org/typescript/-/typescript-4.3.5.tgz",
      "integrity": "sha512-DqQgihaQ9cUrskJo9kIyW/+g0Vxsk8cDtZ52a3NGh0YNTfpUSArXSohyUGnvbPazEPLu398C0UxmKSOrPumUzA==",
      "dev": true
    }
  }
}
